
Microsoft Visual Studio Solution File, Format Version 12.00
# Visual Studio Version 16
VisualStudioVersion = 16.0.29424.173
MinimumVisualStudioVersion = 10.0.40219.1
Project("{FAE04EC0-301F-11D3-BF4B-00C04F79EFBC}") = "HangfireSlack", "HangfireSlack\HangfireSlack.csproj", "{19297447-6FFC-4F58-BAD8-F259506885AD}"
EndProject
Global
	GlobalSection(SolutionConfigurationPlatforms) = preSolution
		Debug|Any CPU = Debug|Any CPU
		Release|Any CPU = Release|Any CPU
	EndGlobalSection
	GlobalSection(ProjectConfigurationPlatforms) = postSolution
		{19297447-6FFC-4F58-BAD8-F259506885AD}.Debug|Any CPU.ActiveCfg = Debug|Any CPU
		{19297447-6FFC-4F58-BAD8-F259506885AD}.Debug|Any CPU.Build.0 = Debug|Any CPU
		{19297447-6FFC-4F58-BAD8-F259506885AD}.Release|Any CPU.ActiveCfg = Release|Any CPU
		{19297447-6FFC-4F58-BAD8-F259506885AD}.Release|Any CPU.Build.0 = Release|Any CPU
	EndGlobalSection
	GlobalSection(SolutionProperties) = preSolution
		HideSolutionNode = FALSE
	EndGlobalSection
	GlobalSection(ExtensibilityGlobals) = postSolution
		SolutionGuid = {DDA82168-D019-424E-89AC-B290AE3EF36B}
	EndGlobalSection
EndGlobal
